
Microsoft Visual Studio Solution File, Format Version 12.00
# Visual Studio Version 16
VisualStudioVersion = 16.0.30717.126
MinimumVisualStudioVersion = 10.0.40219.1
Project("{FAE04EC0-301F-11D3-BF4B-00C04F79EFBC}") = "csv_to_xls", "csv_to_xls\csv_to_xls.csproj", "{6298E2BA-A3FA-496D-A13C-9549B878A91F}"
EndProject
Global
	GlobalSection(SolutionConfigurationPlatforms) = preSolution
		Debug|Any CPU = Debug|Any CPU
		Release|Any CPU = Release|Any CPU
	EndGlobalSection
	GlobalSection(ProjectConfigurationPlatforms) = postSolution
		{6298E2BA-A3FA-496D-A13C-9549B878A91F}.Debug|Any CPU.ActiveCfg = Debug|Any CPU
		{6298E2BA-A3FA-496D-A13C-9549B878A91F}.Debug|Any CPU.Build.0 = Debug|Any CPU
		{6298E2BA-A3FA-496D-A13C-9549B878A91F}.Release|Any CPU.ActiveCfg = Release|Any CPU
		{6298E2BA-A3FA-496D-A13C-9549B878A91F}.Release|Any CPU.Build.0 = Release|Any CPU
	EndGlobalSection
	GlobalSection(SolutionProperties) = preSolution
		HideSolutionNode = FALSE
	EndGlobalSection
	GlobalSection(ExtensibilityGlobals) = postSolution
		SolutionGuid = {C475CA3E-7666-4FE6-82A5-F6D0BF8BD576}
	EndGlobalSection
EndGlobal
